
Microsoft Visual Studio Solution File, Format Version 12.00
# Visual Studio Version 17
VisualStudioVersion = 17.0.31903.59
MinimumVisualStudioVersion = 10.0.40219.1
Project("{2150E333-8FDC-42A3-9474-1A3956D46DE8}") = "src", "src", "{827E0CD3-B72D-47B6-A68D-7590B98EB39B}"
EndProject
Project("{FAE04EC0-301F-11D3-BF4B-00C04F79EFBC}") = "Mediarion", "src\Mediarion\Mediarion.csproj", "{0C6E8ED5-C1E9-4FAA-9815-8836A49C3EDB}"
EndProject
Project("{FAE04EC0-301F-11D3-BF4B-00C04F79EFBC}") = "Mediarion.Extensions.DependencyInjection", "src\Mediarion.Extensions.DependencyInjection\Mediarion.Extensions.DependencyInjection.csproj", "{EECDEB34-F757-4215-A4F7-3422B437BD4C}"
EndProject
Project("{2150E333-8FDC-42A3-9474-1A3956D46DE8}") = "tests", "tests", "{0AB3BF05-4346-4AA6-1389-037BE0695223}"
EndProject
Project("{FAE04EC0-301F-11D3-BF4B-00C04F79EFBC}") = "Mediarion.Tests", "tests\Mediarion.Tests\Mediarion.Tests.csproj", "{9591AC70-1018-4517-8DAB-E2955D9B0088}"
EndProject
Project("{2150E333-8FDC-42A3-9474-1A3956D46DE8}") = "samples", "samples", "{5D20AA90-6969-D8BD-9DCD-8634F4692FDA}"
EndProject
Project("{FAE04EC0-301F-11D3-BF4B-00C04F79EFBC}") = "Mediarion.Migration", "samples\Mediarion.Migration\Mediarion.Migration.csproj", "{5E10F27E-C668-4994-B33C-76056263F43F}"
EndProject
Global
	GlobalSection(SolutionConfigurationPlatforms) = preSolution
		Debug|Any CPU = Debug|Any CPU
		Debug|x64 = Debug|x64
		Debug|x86 = Debug|x86
		Release|Any CPU = Release|Any CPU
		Release|x64 = Release|x64
		Release|x86 = Release|x86
	EndGlobalSection
	GlobalSection(ProjectConfigurationPlatforms) = postSolution
		{0C6E8ED5-C1E9-4FAA-9815-8836A49C3EDB}.Debug|Any CPU.ActiveCfg = Debug|Any CPU
		{0C6E8ED5-C1E9-4FAA-9815-8836A49C3EDB}.Debug|Any CPU.Build.0 = Debug|Any CPU
		{0C6E8ED5-C1E9-4FAA-9815-8836A49C3EDB}.Debug|x64.ActiveCfg = Debug|Any CPU
		{0C6E8ED5-C1E9-4FAA-9815-8836A49C3EDB}.Debug|x64.Build.0 = Debug|Any CPU
		{0C6E8ED5-C1E9-4FAA-9815-8836A49C3EDB}.Debug|x86.ActiveCfg = Debug|Any CPU
		{0C6E8ED5-C1E9-4FAA-9815-8836A49C3EDB}.Debug|x86.Build.0 = Debug|Any CPU
		{0C6E8ED5-C1E9-4FAA-9815-8836A49C3EDB}.Release|Any CPU.ActiveCfg = Release|Any CPU
		{0C6E8ED5-C1E9-4FAA-9815-8836A49C3EDB}.Release|Any CPU.Build.0 = Release|Any CPU
		{0C6E8ED5-C1E9-4FAA-9815-8836A49C3EDB}.Release|x64.ActiveCfg = Release|Any CPU
		{0C6E8ED5-C1E9-4FAA-9815-8836A49C3EDB}.Release|x64.Build.0 = Release|Any CPU
		{0C6E8ED5-C1E9-4FAA-9815-8836A49C3EDB}.Release|x86.ActiveCfg = Release|Any CPU
		{0C6E8ED5-C1E9-4FAA-9815-8836A49C3EDB}.Release|x86.Build.0 = Release|Any CPU
		{EECDEB34-F757-4215-A4F7-3422B437BD4C}.Debug|Any CPU.ActiveCfg = Debug|Any CPU
		{EECDEB34-F757-4215-A4F7-3422B437BD4C}.Debug|Any CPU.Build.0 = Debug|Any CPU
		{EECDEB34-F757-4215-A4F7-3422B437BD4C}.Debug|x64.ActiveCfg = Debug|Any CPU
		{EECDEB34-F757-4215-A4F7-3422B437BD4C}.Debug|x64.Build.0 = Debug|Any CPU
		{EECDEB34-F757-4215-A4F7-3422B437BD4C}.Debug|x86.ActiveCfg = Debug|Any CPU
		{EECDEB34-F757-4215-A4F7-3422B437BD4C}.Debug|x86.Build.0 = Debug|Any CPU
		{EECDEB34-F757-4215-A4F7-3422B437BD4C}.Release|Any CPU.ActiveCfg = Release|Any CPU
		{EECDEB34-F757-4215-A4F7-3422B437BD4C}.Release|Any CPU.Build.0 = Release|Any CPU
		{EECDEB34-F757-4215-A4F7-3422B437BD4C}.Release|x64.ActiveCfg = Release|Any CPU
		{EECDEB34-F757-4215-A4F7-3422B437BD4C}.Release|x64.Build.0 = Release|Any CPU
		{EECDEB34-F757-4215-A4F7-3422B437BD4C}.Release|x86.ActiveCfg = Release|Any CPU
		{EECDEB34-F757-4215-A4F7-3422B437BD4C}.Release|x86.Build.0 = Release|Any CPU
		{9591AC70-1018-4517-8DAB-E2955D9B0088}.Debug|Any CPU.ActiveCfg = Debug|Any CPU
		{9591AC70-1018-4517-8DAB-E2955D9B0088}.Debug|Any CPU.Build.0 = Debug|Any CPU
		{9591AC70-1018-4517-8DAB-E2955D9B0088}.Debug|x64.ActiveCfg = Debug|Any CPU
		{9591AC70-1018-4517-8DAB-E2955D9B0088}.Debug|x64.Build.0 = Debug|Any CPU
		{9591AC70-1018-4517-8DAB-E2955D9B0088}.Debug|x86.ActiveCfg = Debug|Any CPU
		{9591AC70-1018-4517-8DAB-E2955D9B0088}.Debug|x86.Build.0 = Debug|Any CPU
		{9591AC70-1018-4517-8DAB-E2955D9B0088}.Release|Any CPU.ActiveCfg = Release|Any CPU
		{9591AC70-1018-4517-8DAB-E2955D9B0088}.Release|Any CPU.Build.0 = Release|Any CPU
		{9591AC70-1018-4517-8DAB-E2955D9B0088}.Release|x64.ActiveCfg = Release|Any CPU
		{9591AC70-1018-4517-8DAB-E2955D9B0088}.Release|x64.Build.0 = Release|Any CPU
		{9591AC70-1018-4517-8DAB-E2955D9B0088}.Release|x86.ActiveCfg = Release|Any CPU
		{9591AC70-1018-4517-8DAB-E2955D9B0088}.Release|x86.Build.0 = Release|Any CPU
		{5E10F27E-C668-4994-B33C-76056263F43F}.Debug|Any CPU.ActiveCfg = Debug|Any CPU
		{5E10F27E-C668-4994-B33C-76056263F43F}.Debug|Any CPU.Build.0 = Debug|Any CPU
		{5E10F27E-C668-4994-B33C-76056263F43F}.Debug|x64.ActiveCfg = Debug|Any CPU
		{5E10F27E-C668-4994-B33C-76056263F43F}.Debug|x64.Build.0 = Debug|Any CPU
		{5E10F27E-C668-4994-B33C-76056263F43F}.Debug|x86.ActiveCfg = Debug|Any CPU
		{5E10F27E-C668-4994-B33C-76056263F43F}.Debug|x86.Build.0 = Debug|Any CPU
		{5E10F27E-C668-4994-B33C-76056263F43F}.Release|Any CPU.ActiveCfg = Release|Any CPU
		{5E10F27E-C668-4994-B33C-76056263F43F}.Release|Any CPU.Build.0 = Release|Any CPU
		{5E10F27E-C668-4994-B33C-76056263F43F}.Release|x64.ActiveCfg = Release|Any CPU
		{5E10F27E-C668-4994-B33C-76056263F43F}.Release|x64.Build.0 = Release|Any CPU
		{5E10F27E-C668-4994-B33C-76056263F43F}.Release|x86.ActiveCfg = Release|Any CPU
		{5E10F27E-C668-4994-B33C-76056263F43F}.Release|x86.Build.0 = Release|Any CPU
	EndGlobalSection
	GlobalSection(SolutionProperties) = preSolution
		HideSolutionNode = FALSE
	EndGlobalSection
	GlobalSection(NestedProjects) = preSolution
		{0C6E8ED5-C1E9-4FAA-9815-8836A49C3EDB} = {827E0CD3-B72D-47B6-A68D-7590B98EB39B}
		{EECDEB34-F757-4215-A4F7-3422B437BD4C} = {827E0CD3-B72D-47B6-A68D-7590B98EB39B}
		{9591AC70-1018-4517-8DAB-E2955D9B0088} = {0AB3BF05-4346-4AA6-1389-037BE0695223}
		{5E10F27E-C668-4994-B33C-76056263F43F} = {5D20AA90-6969-D8BD-9DCD-8634F4692FDA}
	EndGlobalSection
EndGlobal
